
Microsoft Visual Studio Solution File, Format Version 12.00
# Visual Studio Version 16
VisualStudioVersion = 16.0.30717.126
MinimumVisualStudioVersion = 10.0.40219.1
Project("{FAE04EC0-301F-11D3-BF4B-00C04F79EFBC}") = "TheCallOfCats", "TheCallOfCats.csproj", "{72B9C3A4-C34B-4D84-8A20-B2003CF4FC72}"
EndProject
Global
	GlobalSection(SolutionConfigurationPlatforms) = preSolution
		Debug|Any CPU = Debug|Any CPU
		Release|Any CPU = Release|Any CPU
	EndGlobalSection
	GlobalSection(ProjectConfigurationPlatforms) = postSolution
		{72B9C3A4-C34B-4D84-8A20-B2003CF4FC72}.Debug|Any CPU.ActiveCfg = Debug|Any CPU
		{72B9C3A4-C34B-4D84-8A20-B2003CF4FC72}.Debug|Any CPU.Build.0 = Debug|Any CPU
		{72B9C3A4-C34B-4D84-8A20-B2003CF4FC72}.Release|Any CPU.ActiveCfg = Release|Any CPU
		{72B9C3A4-C34B-4D84-8A20-B2003CF4FC72}.Release|Any CPU.Build.0 = Release|Any CPU
	EndGlobalSection
	GlobalSection(SolutionProperties) = preSolution
		HideSolutionNode = FALSE
	EndGlobalSection
	GlobalSection(ExtensibilityGlobals) = postSolution
		SolutionGuid = {E97A5E88-A087-44DB-B5A4-F16F7E41FAB3}
	EndGlobalSection
EndGlobal
